// !$*UTF8*$!
{
	archiveVersion = 1;
	classes = {
	};
	objectVersion = 51;
	objects = {

/* Begin PBXBuildFile section */
		239535B61D9A6D7C95C94563 /* Pods_Run.framework in Frameworks */ = {isa = PBXBuildFile; fileRef = 4CCA93B8C12BD441CE110A47 /* Pods_Run.framework */; };
		B7BDB8C023167A0000A26B12 /* AppDelegate.m in Sources */ = {isa = PBXBuildFile; fileRef = B7BDB8BF23167A0000A26B12 /* AppDelegate.m */; };
		B7BDB8C323167A0000A26B12 /* ViewController.m in Sources */ = {isa = PBXBuildFile; fileRef = B7BDB8C223167A0000A26B12 /* ViewController.m */; };
		B7BDB8C623167A0000A26B12 /* Main.storyboard in Resources */ = {isa = PBXBuildFile; fileRef = B7BDB8C423167A0000A26B12 /* Main.storyboard */; };
		B7BDB8C823167A0100A26B12 /* Assets.xcassets in Resources */ = {isa = PBXBuildFile; fileRef = B7BDB8C723167A0100A26B12 /* Assets.xcassets */; };
		B7BDB8CB23167A0100A26B12 /* LaunchScreen.storyboard in Resources */ = {isa = PBXBuildFile; fileRef = B7BDB8C923167A0100A26B12 /* LaunchScreen.storyboard */; };
		B7BDB8CE23167A0100A26B12 /* main.m in Sources */ = {isa = PBXBuildFile; fileRef = B7BDB8CD23167A0100A26B12 /* main.m */; };
		B7BDB8D623167A1900A26B12 /* RunViewController.m in Sources */ = {isa = PBXBuildFile; fileRef = B7BDB8D523167A1900A26B12 /* RunViewController.m */; };
/* End PBXBuildFile section */

/* Begin PBXFileReference section */
		0402E0522316977E00379E80 /* APIKey.h */ = {isa = PBXFileReference; lastKnownFileType = sourcecode.c.h; path = APIKey.h; sourceTree = "<group>"; };
		19B372B6BB196A3FD95D4041 /* Pods-Run.debug.xcconfig */ = {isa = PBXFileReference; includeInIndex = 1; lastKnownFileType = text.xcconfig; name = "Pods-Run.debug.xcconfig"; path = "Target Support Files/Pods-Run/Pods-Run.debug.xcconfig"; sourceTree = "<group>"; };
		1D80E10D12DC975F6ED1C39D /* Pods-Run.release.xcconfig */ = {isa = PBXFileReference; includeInIndex = 1; lastKnownFileType = text.xcconfig; name = "Pods-Run.release.xcconfig"; path = "Target Support Files/Pods-Run/Pods-Run.release.xcconfig"; sourceTree = "<group>"; };
		4CCA93B8C12BD441CE110A47 /* Pods_Run.framework */ = {isa = PBXFileReference; explicitFileType = wrapper.framework; includeInIndex = 0; path = Pods_Run.framework; sourceTree = BUILT_PRODUCTS_DIR; };
		B7BDB8BB23167A0000A26B12 /* Run.app */ = {isa = PBXFileReference; explicitFileType = wrapper.application; includeInIndex = 0; path = Run.app; sourceTree = BUILT_PRODUCTS_DIR; };
		B7BDB8BE23167A0000A26B12 /* AppDelegate.h */ = {isa = PBXFileReference; lastKnownFileType = sourcecode.c.h; path = AppDelegate.h; sourceTree = "<group>"; };
		B7BDB8BF23167A0000A26B12 /* AppDelegate.m */ = {isa = PBXFileReference; lastKnownFileType = sourcecode.c.objc; path = AppDelegate.m; sourceTree = "<group>"; };
		B7BDB8C123167A0000A26B12 /* ViewController.h */ = {isa = PBXFileReference; lastKnownFileType = sourcecode.c.h; path = ViewController.h; sourceTree = "<group>"; };
		B7BDB8C223167A0000A26B12 /* ViewController.m */ = {isa = PBXFileReference; lastKnownFileType = sourcecode.c.objc; path = ViewController.m; sourceTree = "<group>"; };
		B7BDB8C523167A0000A26B12 /* Base */ = {isa = PBXFileReference; lastKnownFileType = file.storyboard; name = Base; path = Base.lproj/Main.storyboard; sourceTree = "<group>"; };
		B7BDB8C723167A0100A26B12 /* Assets.xcassets */ = {isa = PBXFileReference; lastKnownFileType = folder.assetcatalog; path = Assets.xcassets; sourceTree = "<group>"; };
		B7BDB8CA23167A0100A26B12 /* Base */ = {isa = PBXFileReference; lastKnownFileType = file.storyboard; name = Base; path = Base.lproj/LaunchScreen.storyboard; sourceTree = "<group>"; };
		B7BDB8CC23167A0100A26B12 /* Info.plist */ = {isa = PBXFileReference; lastKnownFileType = text.plist.xml; path = Info.plist; sourceTree = "<group>"; };
		B7BDB8CD23167A0100A26B12 /* main.m */ = {isa = PBXFileReference; lastKnownFileType = sourcecode.c.objc; path = main.m; sourceTree = "<group>"; };
		B7BDB8D423167A1900A26B12 /* RunViewController.h */ = {isa = PBXFileReference; lastKnownFileType = sourcecode.c.h; path = RunViewController.h; sourceTree = "<group>"; };
		B7BDB8D523167A1900A26B12 /* RunViewController.m */ = {isa = PBXFileReference; lastKnownFileType = sourcecode.c.objc; path = RunViewController.m; sourceTree = "<group>"; };
/* End PBXFileReference section */

/* Begin PBXFrameworksBuildPhase section */
		B7BDB8B823167A0000A26B12 /* Frameworks */ = {
			isa = PBXFrameworksBuildPhase;
			buildActionMask = 2147483647;
			files = (
				239535B61D9A6D7C95C94563 /* Pods_Run.framework in Frameworks */,
			);
			runOnlyForDeploymentPostprocessing = 0;
		};
/* End PBXFrameworksBuildPhase section */

/* Begin PBXGroup section */
		2D47E07413C31E245CAFFF5F /* Frameworks */ = {
			isa = PBXGroup;
			children = (
				4CCA93B8C12BD441CE110A47 /* Pods_Run.framework */,
			);
			name = Frameworks;
			sourceTree = "<group>";
		};
		6EA6DF137B56501113ED696C /* Pods */ = {
			isa = PBXGroup;
			children = (
				19B372B6BB196A3FD95D4041 /* Pods-Run.debug.xcconfig */,
				1D80E10D12DC975F6ED1C39D /* Pods-Run.release.xcconfig */,
			);
			path = Pods;
			sourceTree = "<group>";
		};
		B7BDB8B223167A0000A26B12 = {
			isa = PBXGroup;
			children = (
				B7BDB8BD23167A0000A26B12 /* Run */,
				B7BDB8BC23167A0000A26B12 /* Products */,
				6EA6DF137B56501113ED696C /* Pods */,
				2D47E07413C31E245CAFFF5F /* Frameworks */,
			);
			sourceTree = "<group>";
		};
		B7BDB8BC23167A0000A26B12 /* Products */ = {
			isa = PBXGroup;
			children = (
				B7BDB8BB23167A0000A26B12 /* Run.app */,
			);
			name = Products;
			sourceTree = "<group>";
		};
		B7BDB8BD23167A0000A26B12 /* Run */ = {
			isa = PBXGroup;
			children = (
				B7BDB8BE23167A0000A26B12 /* AppDelegate.h */,
				B7BDB8BF23167A0000A26B12 /* AppDelegate.m */,
				B7BDB8C123167A0000A26B12 /* ViewController.h */,
				B7BDB8C223167A0000A26B12 /* ViewController.m */,
				B7BDB8D423167A1900A26B12 /* RunViewController.h */,
				B7BDB8D523167A1900A26B12 /* RunViewController.m */,
				0402E0522316977E00379E80 /* APIKey.h */,
				B7BDB8C423167A0000A26B12 /* Main.storyboard */,
				B7BDB8C723167A0100A26B12 /* Assets.xcassets */,
				B7BDB8C923167A0100A26B12 /* LaunchScreen.storyboard */,
				B7BDB8CC23167A0100A26B12 /* Info.plist */,
				B7BDB8CD23167A0100A26B12 /* main.m */,
			);
			path = Run;
			sourceTree = "<group>";
		};
/* End PBXGroup section */

/* Begin PBXNativeTarget section */
		B7BDB8BA23167A0000A26B12 /* Run */ = {
			isa = PBXNativeTarget;
			buildConfigurationList = B7BDB8D123167A0100A26B12 /* Build configuration list for PBXNativeTarget "Run" */;
			buildPhases = (
				E5C1D23A2339637584701171 /* [CP] Check Pods Manifest.lock */,
				B7BDB8B723167A0000A26B12 /* Sources */,
				B7BDB8B823167A0000A26B12 /* Frameworks */,
				B7BDB8B923167A0000A26B12 /* Resources */,
				2892EFD730D3E94533AA649A /* [CP] Copy Pods Resources */,
			);
			buildRules = (
			);
			dependencies = (
			);
			name = Run;
			productName = Run;
			productReference = B7BDB8BB23167A0000A26B12 /* Run.app */;
			productType = "com.apple.product-type.application";
		};
/* End PBXNativeTarget section */

/* Begin PBXProject section */
		B7BDB8B323167A0000A26B12 /* Project object */ = {
			isa = PBXProject;
			attributes = {
				LastUpgradeCheck = 1030;
				ORGANIZATIONNAME = muheda;
				TargetAttributes = {
					B7BDB8BA23167A0000A26B12 = {
						CreatedOnToolsVersion = 10.3;
						SystemCapabilities = {
							com.apple.BackgroundModes = {
								enabled = 1;
							};
						};
					};
				};
			};
			buildConfigurationList = B7BDB8B623167A0000A26B12 /* Build configuration list for PBXProject "Run" */;
			compatibilityVersion = "Xcode 9.3";
			developmentRegion = en;
			hasScannedForEncodings = 0;
			knownRegions = (
				en,
				Base,
			);
			mainGroup = B7BDB8B223167A0000A26B12;
			productRefGroup = B7BDB8BC23167A0000A26B12 /* Products */;
			projectDirPath = "";
			projectRoot = "";
			targets = (
				B7BDB8BA23167A0000A26B12 /* Run */,
			);
		};
/* End PBXProject section */

/* Begin PBXResourcesBuildPhase section */
		B7BDB8B923167A0000A26B12 /* Resources */ = {
			isa = PBXResourcesBuildPhase;
			buildActionMask = 2147483647;
			files = (
				B7BDB8CB23167A0100A26B12 /* LaunchScreen.storyboard in Resources */,
				B7BDB8C823167A0100A26B12 /* Assets.xcassets in Resources */,
				B7BDB8C623167A0000A26B12 /* Main.storyboard in Resources */,
			);
			runOnlyForDeploymentPostprocessing = 0;
		};
/* End PBXResourcesBuildPhase section */

/* Begin PBXShellScriptBuildPhase section */
		2892EFD730D3E94533AA649A /* [CP] Copy Pods Resources */ = {
			isa = PBXShellScriptBuildPhase;
			buildActionMask = 2147483647;
			files = (
			);
			inputFileListPaths = (
				"${PODS_ROOT}/Target Support Files/Pods-Run/Pods-Run-resources-${CONFIGURATION}-input-files.xcfilelist",
			);
			name = "[CP] Copy Pods Resources";
			outputFileListPaths = (
				"${PODS_ROOT}/Target Support Files/Pods-Run/Pods-Run-resources-${CONFIGURATION}-output-files.xcfilelist",
			);
			runOnlyForDeploymentPostprocessing = 0;
			shellPath = /bin/sh;
			shellScript = "\"${PODS_ROOT}/Target Support Files/Pods-Run/Pods-Run-resources.sh\"\n";
			showEnvVarsInLog = 0;
		};
		E5C1D23A2339637584701171 /* [CP] Check Pods Manifest.lock */ = {
			isa = PBXShellScriptBuildPhase;
			buildActionMask = 2147483647;
			files = (
			);
			inputFileListPaths = (
			);
			inputPaths = (
				"${PODS_PODFILE_DIR_PATH}/Podfile.lock",
				"${PODS_ROOT}/Manifest.lock",
			);
			name = "[CP] Check Pods Manifest.lock";
			outputFileListPaths = (
			);
			outputPaths = (
				"$(DERIVED_FILE_DIR)/Pods-Run-checkManifestLockResult.txt",
			);
			runOnlyForDeploymentPostprocessing = 0;
			shellPath = /bin/sh;
			shellScript = "diff \"${PODS_PODFILE_DIR_PATH}/Podfile.lock\" \"${PODS_ROOT}/Manifest.lock\" > /dev/null\nif [ $? != 0 ] ; then\n    # print error to STDERR\n    echo \"error: The sandbox is not in sync with the Podfile.lock. Run 'pod install' or update your CocoaPods installation.\" >&2\n    exit 1\nfi\n# This output is used by Xcode 'outputs' to avoid re-running this script phase.\necho \"SUCCESS\" > \"${SCRIPT_OUTPUT_FILE_0}\"\n";
			showEnvVarsInLog = 0;
		};
/* End PBXShellScriptBuildPhase section */

/* Begin PBXSourcesBuildPhase section */
		B7BDB8B723167A0000A26B12 /* Sources */ = {
			isa = PBXSourcesBuildPhase;
			buildActionMask = 2147483647;
			files = (
				B7BDB8C323167A0000A26B12 /* ViewController.m in Sources */,
				B7BDB8CE23167A0100A26B12 /* main.m in Sources */,
				B7BDB8D623167A1900A26B12 /* RunViewController.m in Sources */,
				B7BDB8C023167A0000A26B12 /* AppDelegate.m in Sources */,
			);
			runOnlyForDeploymentPostprocessing = 0;
		};
/* End PBXSourcesBuildPhase section */

/* Begin PBXVariantGroup section */
		B7BDB8C423167A0000A26B12 /* Main.storyboard */ = {
			isa = PBXVariantGroup;
			children = (
				B7BDB8C523167A0000A26B12 /* Base */,
			);
			name = Main.storyboard;
			sourceTree = "<group>";
		};
		B7BDB8C923167A0100A26B12 /* LaunchScreen.storyboard */ = {
			isa = PBXVariantGroup;
			children = (
				B7BDB8CA23167A0100A26B12 /* Base */,
			);
			name = LaunchScreen.storyboard;
			sourceTree = "<group>";
		};
/* End PBXVariantGroup section */

/* Begin XCBuildConfiguration section */
		B7BDB8CF23167A0100A26B12 /* Debug */ = {
			isa = XCBuildConfiguration;
			buildSettings = {
				ALWAYS_SEARCH_USER_PATHS = NO;
				CLANG_ANALYZER_NONNULL = YES;
				CLANG_ANALYZER_NUMBER_OBJECT_CONVERSION = YES_AGGRESSIVE;
				CLANG_CXX_LANGUAGE_STANDARD = "gnu++14";
				CLANG_CXX_LIBRARY = "libc++";
				CLANG_ENABLE_MODULES = YES;
				CLANG_ENABLE_OBJC_ARC = YES;
				CLANG_ENABLE_OBJC_WEAK = YES;
				CLANG_WARN_BLOCK_CAPTURE_AUTORELEASING = YES;
				CLANG_WARN_BOOL_CONVERSION = YES;
				CLANG_WARN_COMMA = YES;
				CLANG_WARN_CONSTANT_CONVERSION = YES;
				CLANG_WARN_DEPRECATED_OBJC_IMPLEMENTATIONS = YES;
				CLANG_WARN_DIRECT_OBJC_ISA_USAGE = YES_ERROR;
				CLANG_WARN_DOCUMENTATION_COMMENTS = YES;
				CLANG_WARN_EMPTY_BODY = YES;
				CLANG_WARN_ENUM_CONVERSION = YES;
				CLANG_WARN_INFINITE_RECURSION = YES;
				CLANG_WARN_INT_CONVERSION = YES;
				CLANG_WARN_NON_LITERAL_NULL_CONVERSION = YES;
				CLANG_WARN_OBJC_IMPLICIT_RETAIN_SELF = YES;
				CLANG_WARN_OBJC_LITERAL_CONVERSION = YES;
				CLANG_WARN_OBJC_ROOT_CLASS = YES_ERROR;
				CLANG_WARN_RANGE_LOOP_ANALYSIS = YES;
				CLANG_WARN_STRICT_PROTOTYPES = YES;
				CLANG_WARN_SUSPICIOUS_MOVE = YES;
				CLANG_WARN_UNGUARDED_AVAILABILITY = YES_AGGRESSIVE;
				CLANG_WARN_UNREACHABLE_CODE = YES;
				CLANG_WARN__DUPLICATE_METHOD_MATCH = YES;
				CODE_SIGN_IDENTITY = "iPhone Developer";
				COPY_PHASE_STRIP = NO;
				DEBUG_INFORMATION_FORMAT = dwarf;
				ENABLE_STRICT_OBJC_MSGSEND = YES;
				ENABLE_TESTABILITY = YES;
				GCC_C_LANGUAGE_STANDARD = gnu11;
				GCC_DYNAMIC_NO_PIC = NO;
				GCC_NO_COMMON_BLOCKS = YES;
				GCC_OPTIMIZATION_LEVEL = 0;
				GCC_PREPROCESSOR_DEFINITIONS = (
					"DEBUG=1",
					"$(inherited)",
				);
				GCC_WARN_64_TO_32_BIT_CONVERSION = YES;
				GCC_WARN_ABOUT_RETURN_TYPE = YES_ERROR;
				GCC_WARN_UNDECLARED_SELECTOR = YES;
				GCC_WARN_UNINITIALIZED_AUTOS = YES_AGGRESSIVE;
				GCC_WARN_UNUSED_FUNCTION = YES;
				GCC_WARN_UNUSED_VARIABLE = YES;
				IPHONEOS_DEPLOYMENT_TARGET = 12.4;
				MTL_ENABLE_DEBUG_INFO = INCLUDE_SOURCE;
				MTL_FAST_MATH = YES;
				ONLY_ACTIVE_ARCH = YES;
				SDKROOT = iphoneos;
			};
			name = Debug;
		};
		B7BDB8D023167A0100A26B12 /* Release */ = {
			isa = XCBuildConfiguration;
			buildSettings = {
				ALWAYS_SEARCH_USER_PATHS = NO;
				CLANG_ANALYZER_NONNULL = YES;
				CLANG_ANALYZER_NUMBER_OBJECT_CONVERSION = YES_AGGRESSIVE;
				CLANG_CXX_LANGUAGE_STANDARD = "gnu++14";
				CLANG_CXX_LIBRARY = "libc++";
				CLANG_ENABLE_MODULES = YES;
				CLANG_ENABLE_OBJC_ARC = YES;
				CLANG_ENABLE_OBJC_WEAK = YES;
				CLANG_WARN_BLOCK_CAPTURE_AUTORELEASING = YES;
				CLANG_WARN_BOOL_CONVERSION = YES;
				CLANG_WARN_COMMA = YES;
				CLANG_WARN_CONSTANT_CONVERSION = YES;
				CLANG_WARN_DEPRECATED_OBJC_IMPLEMENTATIONS = YES;
				CLANG_WARN_DIRECT_OBJC_ISA_USAGE = YES_ERROR;
				CLANG_WARN_DOCUMENTATION_COMMENTS = YES;
				CLANG_WARN_EMPTY_BODY = YES;
				CLANG_WARN_ENUM_CONVERSION = YES;
				CLANG_WARN_INFINITE_RECURSION = YES;
				CLANG_WARN_INT_CONVERSION = YES;
				CLANG_WARN_NON_LITERAL_NULL_CONVERSION = YES;
				CLANG_WARN_OBJC_IMPLICIT_RETAIN_SELF = YES;
				CLANG_WARN_OBJC_LITERAL_CONVERSION = YES;
				CLANG_WARN_OBJC_ROOT_CLASS = YES_ERROR;
				CLANG_WARN_RANGE_LOOP_ANALYSIS = YES;
				CLANG_WARN_STRICT_PROTOTYPES = YES;
				CLANG_WARN_SUSPICIOUS_MOVE = YES;
				CLANG_WARN_UNGUARDED_AVAILABILITY = YES_AGGRESSIVE;
				CLANG_WARN_UNREACHABLE_CODE = YES;
				CLANG_WARN__DUPLICATE_METHOD_MATCH = YES;
				CODE_SIGN_IDENTITY = "iPhone Developer";
				COPY_PHASE_STRIP = NO;
				DEBUG_INFORMATION_FORMAT = "dwarf-with-dsym";
				ENABLE_NS_ASSERTIONS = NO;
				ENABLE_STRICT_OBJC_MSGSEND = YES;
				GCC_C_LANGUAGE_STANDARD = gnu11;
				GCC_NO_COMMON_BLOCKS = YES;
				GCC_WARN_64_TO_32_BIT_CONVERSION = YES;
				GCC_WARN_ABOUT_RETURN_TYPE = YES_ERROR;
				GCC_WARN_UNDECLARED_SELECTOR = YES;
				GCC_WARN_UNINITIALIZED_AUTOS = YES_AGGRESSIVE;
				GCC_WARN_UNUSED_FUNCTION = YES;
				GCC_WARN_UNUSED_VARIABLE = YES;
				IPHONEOS_DEPLOYMENT_TARGET = 12.4;
				MTL_ENABLE_DEBUG_INFO = NO;
				MTL_FAST_MATH = YES;
				SDKROOT = iphoneos;
				VALIDATE_PRODUCT = YES;
			};
			name = Release;
		};
		B7BDB8D223167A0100A26B12 /* Debug */ = {
			isa = XCBuildConfiguration;
			baseConfigurationReference = 19B372B6BB196A3FD95D4041 /* Pods-Run.debug.xcconfig */;
			buildSettings = {
				ASSETCATALOG_COMPILER_APPICON_NAME = AppIcon;
				CODE_SIGN_STYLE = Automatic;
				DEVELOPMENT_TEAM = KNF25R344F;
				INFOPLIST_FILE = Run/Info.plist;
				IPHONEOS_DEPLOYMENT_TARGET = 8.0;
				LD_RUNPATH_SEARCH_PATHS = (
					"$(inherited)",
					"@executable_path/Frameworks",
				);
				PRODUCT_BUNDLE_IDENTIFIER = com.muheda.track;
				PRODUCT_NAME = "$(TARGET_NAME)";
				TARGETED_DEVICE_FAMILY = "1,2";
			};
			name = Debug;
		};
		B7BDB8D323167A0100A26B12 /* Release */ = {
			isa = XCBuildConfiguration;
			baseConfigurationReference = 1D80E10D12DC975F6ED1C39D /* Pods-Run.release.xcconfig */;
			buildSettings = {
				ASSETCATALOG_COMPILER_APPICON_NAME = AppIcon;
				CODE_SIGN_STYLE = Automatic;
				DEVELOPMENT_TEAM = KNF25R344F;
				INFOPLIST_FILE = Run/Info.plist;
				IPHONEOS_DEPLOYMENT_TARGET = 8.0;
				LD_RUNPATH_SEARCH_PATHS = (
					"$(inherited)",
					"@executable_path/Frameworks",
				);
				PRODUCT_BUNDLE_IDENTIFIER = com.muheda.track;
				PRODUCT_NAME = "$(TARGET_NAME)";
				TARGETED_DEVICE_FAMILY = "1,2";
			};
			name = Release;
		};
/* End XCBuildConfiguration section */

/* Begin XCConfigurationList section */
		B7BDB8B623167A0000A26B12 /* Build configuration list for PBXProject "Run" */ = {
			isa = XCConfigurationList;
			buildConfigurations = (
				B7BDB8CF23167A0100A26B12 /* Debug */,
				B7BDB8D023167A0100A26B12 /* Release */,
			);
			defaultConfigurationIsVisible = 0;
			defaultConfigurationName = Release;
		};
		B7BDB8D123167A0100A26B12 /* Build configuration list for PBXNativeTarget "Run" */ = {
			isa = XCConfigurationList;
			buildConfigurations = (
				B7BDB8D223167A0100A26B12 /* Debug */,
				B7BDB8D323167A0100A26B12 /* Release */,
			);
			defaultConfigurationIsVisible = 0;
			defaultConfigurationName = Release;
		};
/* End XCConfigurationList section */
	};
	rootObject = B7BDB8B323167A0000A26B12 /* Project object */;
}
